// !$*UTF8*$!
{
	archiveVersion = 1;
	classes = {
	};
	objectVersion = 46;
	objects = {

/* Begin PBXBuildFile section */
		D5B858671974AB790070898D /* AppDelegate.swift in Sources */ = {isa = PBXBuildFile; fileRef = D5B858661974AB790070898D /* AppDelegate.swift */; };
		D5B858691974AB790070898D /* ViewController.swift in Sources */ = {isa = PBXBuildFile; fileRef = D5B858681974AB790070898D /* ViewController.swift */; };
		D5B8586C1974AB790070898D /* Main.storyboard in Resources */ = {isa = PBXBuildFile; fileRef = D5B8586A1974AB790070898D /* Main.storyboard */; };
		D5B8586E1974AB790070898D /* Images.xcassets in Resources */ = {isa = PBXBuildFile; fileRef = D5B8586D1974AB790070898D /* Images.xcassets */; };
		D5B8587A1974AB790070898D /* CanvasTests.swift in Sources */ = {isa = PBXBuildFile; fileRef = D5B858791974AB790070898D /* CanvasTests.swift */; };
/* End PBXBuildFile section */

/* Begin PBXContainerItemProxy section */
		D5B858741974AB790070898D /* PBXContainerItemProxy */ = {
			isa = PBXContainerItemProxy;
			containerPortal = D5B858591974AB790070898D /* Project object */;
			proxyType = 1;
			remoteGlobalIDString = D5B858601974AB790070898D;
			remoteInfo = Canvas;
		};
/* End PBXContainerItemProxy section */

/* Begin PBXFileReference section */
		D5B858611974AB790070898D /* Canvas.app */ = {isa = PBXFileReference; explicitFileType = wrapper.application; includeInIndex = 0; path = Canvas.app; sourceTree = BUILT_PRODUCTS_DIR; };
		D5B858651974AB790070898D /* Info.plist */ = {isa = PBXFileReference; lastKnownFileType = text.plist.xml; path = Info.plist; sourceTree = "<group>"; };
		D5B858661974AB790070898D /* AppDelegate.swift */ = {isa = PBXFileReference; lastKnownFileType = sourcecode.swift; path = AppDelegate.swift; sourceTree = "<group>"; };
		D5B858681974AB790070898D /* ViewController.swift */ = {isa = PBXFileReference; lastKnownFileType = sourcecode.swift; path = ViewController.swift; sourceTree = "<group>"; };
		D5B8586B1974AB790070898D /* Base */ = {isa = PBXFileReference; lastKnownFileType = file.storyboard; name = Base; path = Base.lproj/Main.storyboard; sourceTree = "<group>"; };
		D5B8586D1974AB790070898D /* Images.xcassets */ = {isa = PBXFileReference; lastKnownFileType = folder.assetcatalog; path = Images.xcassets; sourceTree = "<group>"; };
		D5B858731974AB790070898D /* CanvasTests.xctest */ = {isa = PBXFileReference; explicitFileType = wrapper.cfbundle; includeInIndex = 0; path = CanvasTests.xctest; sourceTree = BUILT_PRODUCTS_DIR; };
		D5B858781974AB790070898D /* Info.plist */ = {isa = PBXFileReference; lastKnownFileType = text.plist.xml; path = Info.plist; sourceTree = "<group>"; };
		D5B858791974AB790070898D /* CanvasTests.swift */ = {isa = PBXFileReference; lastKnownFileType = sourcecode.swift; path = CanvasTests.swift; sourceTree = "<group>"; };
/* End PBXFileReference section */

/* Begin PBXFrameworksBuildPhase section */
		D5B8585E1974AB790070898D /* Frameworks */ = {
			isa = PBXFrameworksBuildPhase;
			buildActionMask = 2147483647;
			files = (
			);
			runOnlyForDeploymentPostprocessing = 0;
		};
		D5B858701974AB790070898D /* Frameworks */ = {
			isa = PBXFrameworksBuildPhase;
			buildActionMask = 2147483647;
			files = (
			);
			runOnlyForDeploymentPostprocessing = 0;
		};
/* End PBXFrameworksBuildPhase section */

/* Begin PBXGroup section */
		D5B858581974AB790070898D = {
			isa = PBXGroup;
			children = (
				D5B858631974AB790070898D /* Canvas */,
				D5B858761974AB790070898D /* CanvasTests */,
				D5B858621974AB790070898D /* Products */,
			);
			sourceTree = "<group>";
		};
		D5B858621974AB790070898D /* Products */ = {
			isa = PBXGroup;
			children = (
				D5B858611974AB790070898D /* Canvas.app */,
				D5B858731974AB790070898D /* CanvasTests.xctest */,
			);
			name = Products;
			sourceTree = "<group>";
		};
		D5B858631974AB790070898D /* Canvas */ = {
			isa = PBXGroup;
			children = (
				D5B858661974AB790070898D /* AppDelegate.swift */,
				D5B858681974AB790070898D /* ViewController.swift */,
				D5B8586A1974AB790070898D /* Main.storyboard */,
				D5B8586D1974AB790070898D /* Images.xcassets */,
				D5B858641974AB790070898D /* Supporting Files */,
			);
			path = Canvas;
			sourceTree = "<group>";
		};
		D5B858641974AB790070898D /* Supporting Files */ = {
			isa = PBXGroup;
			children = (
				D5B858651974AB790070898D /* Info.plist */,
			);
			name = "Supporting Files";
			sourceTree = "<group>";
		};
		D5B858761974AB790070898D /* CanvasTests */ = {
			isa = PBXGroup;
			children = (
				D5B858791974AB790070898D /* CanvasTests.swift */,
				D5B858771974AB790070898D /* Supporting Files */,
			);
			path = CanvasTests;
			sourceTree = "<group>";
		};
		D5B858771974AB790070898D /* Supporting Files */ = {
			isa = PBXGroup;
			children = (
				D5B858781974AB790070898D /* Info.plist */,
			);
			name = "Supporting Files";
			sourceTree = "<group>";
		};
/* End PBXGroup section */

/* Begin PBXNativeTarget section */
		D5B858601974AB790070898D /* Canvas */ = {
			isa = PBXNativeTarget;
			buildConfigurationList = D5B8587D1974AB790070898D /* Build configuration list for PBXNativeTarget "Canvas" */;
			buildPhases = (
				D5B8585D1974AB790070898D /* Sources */,
				D5B8585E1974AB790070898D /* Frameworks */,
				D5B8585F1974AB790070898D /* Resources */,
			);
			buildRules = (
			);
			dependencies = (
			);
			name = Canvas;
			productName = Canvas;
			productReference = D5B858611974AB790070898D /* Canvas.app */;
			productType = "com.apple.product-type.application";
		};
		D5B858721974AB790070898D /* CanvasTests */ = {
			isa = PBXNativeTarget;
			buildConfigurationList = D5B858801974AB790070898D /* Build configuration list for PBXNativeTarget "CanvasTests" */;
			buildPhases = (
				D5B8586F1974AB790070898D /* Sources */,
				D5B858701974AB790070898D /* Frameworks */,
				D5B858711974AB790070898D /* Resources */,
			);
			buildRules = (
			);
			dependencies = (
				D5B858751974AB790070898D /* PBXTargetDependency */,
			);
			name = CanvasTests;
			productName = CanvasTests;
			productReference = D5B858731974AB790070898D /* CanvasTests.xctest */;
			productType = "com.apple.product-type.bundle.unit-test";
		};
/* End PBXNativeTarget section */

/* Begin PBXProject section */
		D5B858591974AB790070898D /* Project object */ = {
			isa = PBXProject;
			attributes = {
				LastUpgradeCheck = 0600;
				ORGANIZATIONNAME = MichaelWEllison;
				TargetAttributes = {
					D5B858601974AB790070898D = {
						CreatedOnToolsVersion = 6.0;
					};
					D5B858721974AB790070898D = {
						CreatedOnToolsVersion = 6.0;
						TestTargetID = D5B858601974AB790070898D;
					};
				};
			};
			buildConfigurationList = D5B8585C1974AB790070898D /* Build configuration list for PBXProject "Canvas" */;
			compatibilityVersion = "Xcode 3.2";
			developmentRegion = English;
			hasScannedForEncodings = 0;
			knownRegions = (
				en,
				Base,
			);
			mainGroup = D5B858581974AB790070898D;
			productRefGroup = D5B858621974AB790070898D /* Products */;
			projectDirPath = "";
			projectRoot = "";
			targets = (
				D5B858601974AB790070898D /* Canvas */,
				D5B858721974AB790070898D /* CanvasTests */,
			);
		};
/* End PBXProject section */

/* Begin PBXResourcesBuildPhase section */
		D5B8585F1974AB790070898D /* Resources */ = {
			isa = PBXResourcesBuildPhase;
			buildActionMask = 2147483647;
			files = (
				D5B8586C1974AB790070898D /* Main.storyboard in Resources */,
				D5B8586E1974AB790070898D /* Images.xcassets in Resources */,
			);
			runOnlyForDeploymentPostprocessing = 0;
		};
		D5B858711974AB790070898D /* Resources */ = {
			isa = PBXResourcesBuildPhase;
			buildActionMask = 2147483647;
			files = (
			);
			runOnlyForDeploymentPostprocessing = 0;
		};
/* End PBXResourcesBuildPhase section */

/* Begin PBXSourcesBuildPhase section */
		D5B8585D1974AB790070898D /* Sources */ = {
			isa = PBXSourcesBuildPhase;
			buildActionMask = 2147483647;
			files = (
				D5B858691974AB790070898D /* ViewController.swift in Sources */,
				D5B858671974AB790070898D /* AppDelegate.swift in Sources */,
			);
			runOnlyForDeploymentPostprocessing = 0;
		};
		D5B8586F1974AB790070898D /* Sources */ = {
			isa = PBXSourcesBuildPhase;
			buildActionMask = 2147483647;
			files = (
				D5B8587A1974AB790070898D /* CanvasTests.swift in Sources */,
			);
			runOnlyForDeploymentPostprocessing = 0;
		};
/* End PBXSourcesBuildPhase section */

/* Begin PBXTargetDependency section */
		D5B858751974AB790070898D /* PBXTargetDependency */ = {
			isa = PBXTargetDependency;
			target = D5B858601974AB790070898D /* Canvas */;
			targetProxy = D5B858741974AB790070898D /* PBXContainerItemProxy */;
		};
/* End PBXTargetDependency section */

/* Begin PBXVariantGroup section */
		D5B8586A1974AB790070898D /* Main.storyboard */ = {
			isa = PBXVariantGroup;
			children = (
				D5B8586B1974AB790070898D /* Base */,
			);
			name = Main.storyboard;
			sourceTree = "<group>";
		};
/* End PBXVariantGroup section */

/* Begin XCBuildConfiguration section */
		D5B8587B1974AB790070898D /* Debug */ = {
			isa = XCBuildConfiguration;
			buildSettings = {
				ALWAYS_SEARCH_USER_PATHS = NO;
				CLANG_CXX_LANGUAGE_STANDARD = "gnu++0x";
				CLANG_CXX_LIBRARY = "libc++";
				CLANG_ENABLE_MODULES = YES;
				CLANG_ENABLE_OBJC_ARC = YES;
				CLANG_WARN_BOOL_CONVERSION = YES;
				CLANG_WARN_CONSTANT_CONVERSION = YES;
				CLANG_WARN_DIRECT_OBJC_ISA_USAGE = YES_ERROR;
				CLANG_WARN_EMPTY_BODY = YES;
				CLANG_WARN_ENUM_CONVERSION = YES;
				CLANG_WARN_INT_CONVERSION = YES;
				CLANG_WARN_OBJC_ROOT_CLASS = YES_ERROR;
				CLANG_WARN_UNREACHABLE_CODE = YES;
				CLANG_WARN__DUPLICATE_METHOD_MATCH = YES;
				"CODE_SIGN_IDENTITY[sdk=iphoneos*]" = "iPhone Developer";
				COPY_PHASE_STRIP = NO;
				ENABLE_STRICT_OBJC_MSGSEND = YES;
				GCC_C_LANGUAGE_STANDARD = gnu99;
				GCC_DYNAMIC_NO_PIC = NO;
				GCC_OPTIMIZATION_LEVEL = 0;
				GCC_PREPROCESSOR_DEFINITIONS = (
					"DEBUG=1",
					"$(inherited)",
				);
				GCC_SYMBOLS_PRIVATE_EXTERN = NO;
				GCC_WARN_64_TO_32_BIT_CONVERSION = YES;
				GCC_WARN_ABOUT_RETURN_TYPE = YES_ERROR;
				GCC_WARN_UNDECLARED_SELECTOR = YES;
				GCC_WARN_UNINITIALIZED_AUTOS = YES_AGGRESSIVE;
				GCC_WARN_UNUSED_FUNCTION = YES;
				GCC_WARN_UNUSED_VARIABLE = YES;
				IPHONEOS_DEPLOYMENT_TARGET = 8.0;
				METAL_ENABLE_DEBUG_INFO = YES;
				ONLY_ACTIVE_ARCH = YES;
				SDKROOT = iphoneos;
				SWIFT_OPTIMIZATION_LEVEL = "-Onone";
			};
			name = Debug;
		};
		D5B8587C1974AB790070898D /* Release */ = {
			isa = XCBuildConfiguration;
			buildSettings = {
				ALWAYS_SEARCH_USER_PATHS = NO;
				CLANG_CXX_LANGUAGE_STANDARD = "gnu++0x";
				CLANG_CXX_LIBRARY = "libc++";
				CLANG_ENABLE_MODULES = YES;
				CLANG_ENABLE_OBJC_ARC = YES;
				CLANG_WARN_BOOL_CONVERSION = YES;
				CLANG_WARN_CONSTANT_CONVERSION = YES;
				CLANG_WARN_DIRECT_OBJC_ISA_USAGE = YES_ERROR;
				CLANG_WARN_EMPTY_BODY = YES;
				CLANG_WARN_ENUM_CONVERSION = YES;
				CLANG_WARN_INT_CONVERSION = YES;
				CLANG_WARN_OBJC_ROOT_CLASS = YES_ERROR;
				CLANG_WARN_UNREACHABLE_CODE = YES;
				CLANG_WARN__DUPLICATE_METHOD_MATCH = YES;
				"CODE_SIGN_IDENTITY[sdk=iphoneos*]" = "iPhone Developer";
				COPY_PHASE_STRIP = YES;
				ENABLE_NS_ASSERTIONS = NO;
				ENABLE_STRICT_OBJC_MSGSEND = YES;
				GCC_C_LANGUAGE_STANDARD = gnu99;
				GCC_WARN_64_TO_32_BIT_CONVERSION = YES;
				GCC_WARN_ABOUT_RETURN_TYPE = YES_ERROR;
				GCC_WARN_UNDECLARED_SELECTOR = YES;
				GCC_WARN_UNINITIALIZED_AUTOS = YES_AGGRESSIVE;
				GCC_WARN_UNUSED_FUNCTION = YES;
				GCC_WARN_UNUSED_VARIABLE = YES;
				IPHONEOS_DEPLOYMENT_TARGET = 8.0;
				METAL_ENABLE_DEBUG_INFO = NO;
				SDKROOT = iphoneos;
				VALIDATE_PRODUCT = YES;
			};
			name = Release;
		};
		D5B8587E1974AB790070898D /* Debug */ = {
			isa = XCBuildConfiguration;
			buildSettings = {
				ASSETCATALOG_COMPILER_APPICON_NAME = AppIcon;
				ASSETCATALOG_COMPILER_LAUNCHIMAGE_NAME = LaunchImage;
				INFOPLIST_FILE = Canvas/Info.plist;
				LD_RUNPATH_SEARCH_PATHS = "$(inherited) @executable_path/Frameworks";
				PRODUCT_NAME = "$(TARGET_NAME)";
			};
			name = Debug;
		};
		D5B8587F1974AB790070898D /* Release */ = {
			isa = XCBuildConfiguration;
			buildSettings = {
				ASSETCATALOG_COMPILER_APPICON_NAME = AppIcon;
				ASSETCATALOG_COMPILER_LAUNCHIMAGE_NAME = LaunchImage;
				INFOPLIST_FILE = Canvas/Info.plist;
				LD_RUNPATH_SEARCH_PATHS = "$(inherited) @executable_path/Frameworks";
				PRODUCT_NAME = "$(TARGET_NAME)";
			};
			name = Release;
		};
		D5B858811974AB790070898D /* Debug */ = {
			isa = XCBuildConfiguration;
			buildSettings = {
				BUNDLE_LOADER = "$(BUILT_PRODUCTS_DIR)/Canvas.app/Canvas";
				FRAMEWORK_SEARCH_PATHS = (
					"$(SDKROOT)/Developer/Library/Frameworks",
					"$(inherited)",
				);
				GCC_PREPROCESSOR_DEFINITIONS = (
					"DEBUG=1",
					"$(inherited)",
				);
				INFOPLIST_FILE = CanvasTests/Info.plist;
				LD_RUNPATH_SEARCH_PATHS = "$(inherited) @executable_path/Frameworks @loader_path/Frameworks";
				METAL_ENABLE_DEBUG_INFO = YES;
				PRODUCT_NAME = "$(TARGET_NAME)";
				TEST_HOST = "$(BUNDLE_LOADER)";
			};
			name = Debug;
		};
		D5B858821974AB790070898D /* Release */ = {
			isa = XCBuildConfiguration;
			buildSettings = {
				BUNDLE_LOADER = "$(BUILT_PRODUCTS_DIR)/Canvas.app/Canvas";
				FRAMEWORK_SEARCH_PATHS = (
					"$(SDKROOT)/Developer/Library/Frameworks",
					"$(inherited)",
				);
				INFOPLIST_FILE = CanvasTests/Info.plist;
				LD_RUNPATH_SEARCH_PATHS = "$(inherited) @executable_path/Frameworks @loader_path/Frameworks";
				METAL_ENABLE_DEBUG_INFO = NO;
				PRODUCT_NAME = "$(TARGET_NAME)";
				TEST_HOST = "$(BUNDLE_LOADER)";
			};
			name = Release;
		};
/* End XCBuildConfiguration section */

/* Begin XCConfigurationList section */
		D5B8585C1974AB790070898D /* Build configuration list for PBXProject "Canvas" */ = {
			isa = XCConfigurationList;
			buildConfigurations = (
				D5B8587B1974AB790070898D /* Debug */,
				D5B8587C1974AB790070898D /* Release */,
			);
			defaultConfigurationIsVisible = 0;
			defaultConfigurationName = Release;
		};
		D5B8587D1974AB790070898D /* Build configuration list for PBXNativeTarget "Canvas" */ = {
			isa = XCConfigurationList;
			buildConfigurations = (
				D5B8587E1974AB790070898D /* Debug */,
				D5B8587F1974AB790070898D /* Release */,
			);
			defaultConfigurationIsVisible = 0;
		};
		D5B858801974AB790070898D /* Build configuration list for PBXNativeTarget "CanvasTests" */ = {
			isa = XCConfigurationList;
			buildConfigurations = (
				D5B858811974AB790070898D /* Debug */,
				D5B858821974AB790070898D /* Release */,
			);
			defaultConfigurationIsVisible = 0;
		};
/* End XCConfigurationList section */
	};
	rootObject = D5B858591974AB790070898D /* Project object */;
}
